
Microsoft Visual Studio Solution File, Format Version 12.00
# Visual Studio 2013
VisualStudioVersion = 12.0.21005.1
MinimumVisualStudioVersion = 10.0.40219.1
Project("{FAE04EC0-301F-11D3-BF4B-00C04F79EFBC}") = "ProjectPhanSo", "ProjectPhanSo\ProjectPhanSo.csproj", "{10FF4ED7-0EAA-4128-80C2-B2C780FF056C}"
EndProject
Project("{FAE04EC0-301F-11D3-BF4B-00C04F79EFBC}") = "ProjectPhanSo.Test", "ProjectPhanSo.Test\ProjectPhanSo.Test.csproj", "{ABB83532-26D9-406F-8243-0755AC1FF81D}"
EndProject
Global
	GlobalSection(SolutionConfigurationPlatforms) = preSolution
		Debug|Any CPU = Debug|Any CPU
		Release|Any CPU = Release|Any CPU
	EndGlobalSection
	GlobalSection(ProjectConfigurationPlatforms) = postSolution
		{10FF4ED7-0EAA-4128-80C2-B2C780FF056C}.Debug|Any CPU.ActiveCfg = Debug|Any CPU
		{10FF4ED7-0EAA-4128-80C2-B2C780FF056C}.Debug|Any CPU.Build.0 = Debug|Any CPU
		{10FF4ED7-0EAA-4128-80C2-B2C780FF056C}.Release|Any CPU.ActiveCfg = Release|Any CPU
		{10FF4ED7-0EAA-4128-80C2-B2C780FF056C}.Release|Any CPU.Build.0 = Release|Any CPU
		{ABB83532-26D9-406F-8243-0755AC1FF81D}.Debug|Any CPU.ActiveCfg = Debug|Any CPU
		{ABB83532-26D9-406F-8243-0755AC1FF81D}.Debug|Any CPU.Build.0 = Debug|Any CPU
		{ABB83532-26D9-406F-8243-0755AC1FF81D}.Release|Any CPU.ActiveCfg = Release|Any CPU
		{ABB83532-26D9-406F-8243-0755AC1FF81D}.Release|Any CPU.Build.0 = Release|Any CPU
	EndGlobalSection
	GlobalSection(SolutionProperties) = preSolution
		HideSolutionNode = FALSE
	EndGlobalSection
EndGlobal
